
Microsoft Visual Studio Solution File, Format Version 12.00
# Visual Studio Version 17
VisualStudioVersion = 17.7.34221.43
MinimumVisualStudioVersion = 10.0.40219.1
Project("{FAE04EC0-301F-11D3-BF4B-00C04F79EFBC}") = "SiivoApp", "SiivoApp\SiivoApp.csproj", "{90BE8FF4-22A9-4B1D-AC71-F90878EA1928}"
EndProject
Global
	GlobalSection(SolutionConfigurationPlatforms) = preSolution
		Debug|Any CPU = Debug|Any CPU
		Release|Any CPU = Release|Any CPU
	EndGlobalSection
	GlobalSection(ProjectConfigurationPlatforms) = postSolution
		{90BE8FF4-22A9-4B1D-AC71-F90878EA1928}.Debug|Any CPU.ActiveCfg = Debug|Any CPU
		{90BE8FF4-22A9-4B1D-AC71-F90878EA1928}.Debug|Any CPU.Build.0 = Debug|Any CPU
		{90BE8FF4-22A9-4B1D-AC71-F90878EA1928}.Release|Any CPU.ActiveCfg = Release|Any CPU
		{90BE8FF4-22A9-4B1D-AC71-F90878EA1928}.Release|Any CPU.Build.0 = Release|Any CPU
	EndGlobalSection
	GlobalSection(SolutionProperties) = preSolution
		HideSolutionNode = FALSE
	EndGlobalSection
	GlobalSection(ExtensibilityGlobals) = postSolution
		SolutionGuid = {612F3491-8879-4B1F-9DA3-1DB23887B6EA}
	EndGlobalSection
EndGlobal
